
Microsoft Visual Studio Solution File, Format Version 12.00
# Visual Studio Version 16
VisualStudioVersion = 16.0.30114.105
MinimumVisualStudioVersion = 10.0.40219.1
Project("{FAE04EC0-301F-11D3-BF4B-00C04F79EFBC}") = "Aoc2021-Day01", "Aoc2021-Day01\Aoc2021-Day01.csproj", "{251BDDEB-6669-4540-AC91-79A8D6717C70}"
EndProject
Project("{FAE04EC0-301F-11D3-BF4B-00C04F79EFBC}") = "Aoc2021-Day02", "Aoc2021-Day02\Aoc2021-Day02.csproj", "{D64E7C4A-7349-43D9-8768-9D654CBF05B4}"
EndProject
Project("{FAE04EC0-301F-11D3-BF4B-00C04F79EFBC}") = "Aoc2021-Day03", "Aoc2021-Day03\Aoc2021-Day03.csproj", "{16636FD4-B973-4047-A25D-9B9A48C16ACB}"
EndProject
Project("{FAE04EC0-301F-11D3-BF4B-00C04F79EFBC}") = "Aoc2021-Day04", "Aoc2021-Day04\Aoc2021-Day04.csproj", "{3F802C7F-BB94-41E1-98B9-0FBF408F62B3}"
EndProject
Project("{FAE04EC0-301F-11D3-BF4B-00C04F79EFBC}") = "Aoc2021-Day05", "Aoc2021-Day05\Aoc2021-Day05.csproj", "{888AF0CC-9B1F-4A2A-820B-1A153D49562C}"
EndProject
Project("{FAE04EC0-301F-11D3-BF4B-00C04F79EFBC}") = "Aoc2021-Day06", "Aoc2021-Day06\Aoc2021-Day06.csproj", "{926F4875-EF84-4E1D-8111-E11F2D6C5EB6}"
EndProject
Project("{FAE04EC0-301F-11D3-BF4B-00C04F79EFBC}") = "Aoc2021-Day07", "Aoc2021-Day07\Aoc2021-Day07.csproj", "{15C85FE0-90BD-4EF8-BAEA-DD661FAA201F}"
EndProject
Global
	GlobalSection(SolutionConfigurationPlatforms) = preSolution
		Debug|Any CPU = Debug|Any CPU
		Release|Any CPU = Release|Any CPU
	EndGlobalSection
	GlobalSection(SolutionProperties) = preSolution
		HideSolutionNode = FALSE
	EndGlobalSection
	GlobalSection(ProjectConfigurationPlatforms) = postSolution
		{251BDDEB-6669-4540-AC91-79A8D6717C70}.Debug|Any CPU.ActiveCfg = Debug|Any CPU
		{251BDDEB-6669-4540-AC91-79A8D6717C70}.Debug|Any CPU.Build.0 = Debug|Any CPU
		{251BDDEB-6669-4540-AC91-79A8D6717C70}.Release|Any CPU.ActiveCfg = Release|Any CPU
		{251BDDEB-6669-4540-AC91-79A8D6717C70}.Release|Any CPU.Build.0 = Release|Any CPU
		{D64E7C4A-7349-43D9-8768-9D654CBF05B4}.Debug|Any CPU.ActiveCfg = Debug|Any CPU
		{D64E7C4A-7349-43D9-8768-9D654CBF05B4}.Debug|Any CPU.Build.0 = Debug|Any CPU
		{D64E7C4A-7349-43D9-8768-9D654CBF05B4}.Release|Any CPU.ActiveCfg = Release|Any CPU
		{D64E7C4A-7349-43D9-8768-9D654CBF05B4}.Release|Any CPU.Build.0 = Release|Any CPU
		{16636FD4-B973-4047-A25D-9B9A48C16ACB}.Debug|Any CPU.ActiveCfg = Debug|Any CPU
		{16636FD4-B973-4047-A25D-9B9A48C16ACB}.Debug|Any CPU.Build.0 = Debug|Any CPU
		{16636FD4-B973-4047-A25D-9B9A48C16ACB}.Release|Any CPU.ActiveCfg = Release|Any CPU
		{16636FD4-B973-4047-A25D-9B9A48C16ACB}.Release|Any CPU.Build.0 = Release|Any CPU
		{3F802C7F-BB94-41E1-98B9-0FBF408F62B3}.Debug|Any CPU.ActiveCfg = Debug|Any CPU
		{3F802C7F-BB94-41E1-98B9-0FBF408F62B3}.Debug|Any CPU.Build.0 = Debug|Any CPU
		{3F802C7F-BB94-41E1-98B9-0FBF408F62B3}.Release|Any CPU.ActiveCfg = Release|Any CPU
		{3F802C7F-BB94-41E1-98B9-0FBF408F62B3}.Release|Any CPU.Build.0 = Release|Any CPU
		{888AF0CC-9B1F-4A2A-820B-1A153D49562C}.Debug|Any CPU.ActiveCfg = Debug|Any CPU
		{888AF0CC-9B1F-4A2A-820B-1A153D49562C}.Debug|Any CPU.Build.0 = Debug|Any CPU
		{888AF0CC-9B1F-4A2A-820B-1A153D49562C}.Release|Any CPU.ActiveCfg = Release|Any CPU
		{888AF0CC-9B1F-4A2A-820B-1A153D49562C}.Release|Any CPU.Build.0 = Release|Any CPU
		{926F4875-EF84-4E1D-8111-E11F2D6C5EB6}.Debug|Any CPU.ActiveCfg = Debug|Any CPU
		{926F4875-EF84-4E1D-8111-E11F2D6C5EB6}.Debug|Any CPU.Build.0 = Debug|Any CPU
		{926F4875-EF84-4E1D-8111-E11F2D6C5EB6}.Release|Any CPU.ActiveCfg = Release|Any CPU
		{926F4875-EF84-4E1D-8111-E11F2D6C5EB6}.Release|Any CPU.Build.0 = Release|Any CPU
		{15C85FE0-90BD-4EF8-BAEA-DD661FAA201F}.Debug|Any CPU.ActiveCfg = Debug|Any CPU
		{15C85FE0-90BD-4EF8-BAEA-DD661FAA201F}.Debug|Any CPU.Build.0 = Debug|Any CPU
		{15C85FE0-90BD-4EF8-BAEA-DD661FAA201F}.Release|Any CPU.ActiveCfg = Release|Any CPU
		{15C85FE0-90BD-4EF8-BAEA-DD661FAA201F}.Release|Any CPU.Build.0 = Release|Any CPU
	EndGlobalSection
EndGlobal
